
Microsoft Visual Studio Solution File, Format Version 12.00
# Visual Studio Version 17
VisualStudioVersion = 17.8.34525.116
MinimumVisualStudioVersion = 10.0.40219.1
Project("{9A19103F-16F7-4668-BE54-9A1E7A4F7556}") = "nunit-project-loader", "src\extension\nunit-project-loader.csproj", "{26270E99-C60E-4816-8342-D6BBCFFD4809}"
EndProject
Project("{9A19103F-16F7-4668-BE54-9A1E7A4F7556}") = "nunit-project-loader.tests", "src\tests\nunit-project-loader.tests.csproj", "{32A8075A-8DA8-49F8-9222-2DE7B4B6C98E}"
EndProject
Project("{2150E333-8FDC-42A3-9474-1A3956D46DE8}") = "Solution Items", "Solution Items", "{3B28CF0C-D613-4971-9D8F-00C960C656E2}"
	ProjectSection(SolutionItems) = preProject
		BothAssemblies.nunit = BothAssemblies.nunit
		BothAssembliesNetCore.nunit = BothAssembliesNetCore.nunit
		build.cake = build.cake
		build.ps1 = build.ps1
		build.sh = build.sh
		FailingAssembly.nunit = FailingAssembly.nunit
		FailingAssemblyNetCore.nunit = FailingAssemblyNetCore.nunit
		GitReleaseManager.yaml = GitReleaseManager.yaml
		GitVersion.yml = GitVersion.yml
		LICENSE.txt = LICENSE.txt
		nunit-project-loader.addins = nunit-project-loader.addins
		nunit-project-loader.nuspec = nunit-project-loader.nuspec
		PassingAssembly.nunit = PassingAssembly.nunit
		PassingAssemblyNetCore.nunit = PassingAssemblyNetCore.nunit
		README.md = README.md
	EndProjectSection
EndProject
Project("{9A19103F-16F7-4668-BE54-9A1E7A4F7556}") = "test-lib-1", "src\test-lib-1\test-lib-1.csproj", "{1FA6F840-F225-4597-80AE-2C78B466D9C6}"
EndProject
Project("{9A19103F-16F7-4668-BE54-9A1E7A4F7556}") = "test-lib-2", "src\test-lib-2\test-lib-2.csproj", "{7808DEA9-FB13-47FC-823F-DC78C1057061}"
EndProject
Project("{2150E333-8FDC-42A3-9474-1A3956D46DE8}") = "nuget", "nuget", "{6C381491-0062-4276-B884-86A6A175FFF5}"
	ProjectSection(SolutionItems) = preProject
		nuget\nunit-project-loader.legacy.addins = nuget\nunit-project-loader.legacy.addins
		nuget\nunit-project-loader.nuspec = nuget\nunit-project-loader.nuspec
	EndProjectSection
EndProject
Project("{2150E333-8FDC-42A3-9474-1A3956D46DE8}") = "choco", "choco", "{2DA8DF86-18D3-4832-970C-A0B26498B93D}"
	ProjectSection(SolutionItems) = preProject
		choco\nunit-project-loader.legacy.addins = choco\nunit-project-loader.legacy.addins
		choco\nunit-project-loader.nuspec = choco\nunit-project-loader.nuspec
		choco\VERIFICATION.txt = choco\VERIFICATION.txt
	EndProjectSection
EndProject
Project("{2150E333-8FDC-42A3-9474-1A3956D46DE8}") = ".github", ".github", "{329888D6-1DBB-4B70-890A-9B08C87303CE}"
EndProject
Project("{2150E333-8FDC-42A3-9474-1A3956D46DE8}") = "workflows", "workflows", "{7250A27B-1B35-4A6A-B256-50155A2175ED}"
	ProjectSection(SolutionItems) = preProject
		.github\workflows\NUnitProjectLoader.CI.yml = .github\workflows\NUnitProjectLoader.CI.yml
	EndProjectSection
EndProject
Global
	GlobalSection(SolutionConfigurationPlatforms) = preSolution
		Debug|Any CPU = Debug|Any CPU
		Release|Any CPU = Release|Any CPU
	EndGlobalSection
	GlobalSection(ProjectConfigurationPlatforms) = postSolution
		{26270E99-C60E-4816-8342-D6BBCFFD4809}.Debug|Any CPU.ActiveCfg = Debug|Any CPU
		{26270E99-C60E-4816-8342-D6BBCFFD4809}.Debug|Any CPU.Build.0 = Debug|Any CPU
		{26270E99-C60E-4816-8342-D6BBCFFD4809}.Release|Any CPU.ActiveCfg = Release|Any CPU
		{26270E99-C60E-4816-8342-D6BBCFFD4809}.Release|Any CPU.Build.0 = Release|Any CPU
		{32A8075A-8DA8-49F8-9222-2DE7B4B6C98E}.Debug|Any CPU.ActiveCfg = Debug|Any CPU
		{32A8075A-8DA8-49F8-9222-2DE7B4B6C98E}.Debug|Any CPU.Build.0 = Debug|Any CPU
		{32A8075A-8DA8-49F8-9222-2DE7B4B6C98E}.Release|Any CPU.ActiveCfg = Release|Any CPU
		{32A8075A-8DA8-49F8-9222-2DE7B4B6C98E}.Release|Any CPU.Build.0 = Release|Any CPU
		{1FA6F840-F225-4597-80AE-2C78B466D9C6}.Debug|Any CPU.ActiveCfg = Debug|Any CPU
		{1FA6F840-F225-4597-80AE-2C78B466D9C6}.Debug|Any CPU.Build.0 = Debug|Any CPU
		{1FA6F840-F225-4597-80AE-2C78B466D9C6}.Release|Any CPU.ActiveCfg = Release|Any CPU
		{1FA6F840-F225-4597-80AE-2C78B466D9C6}.Release|Any CPU.Build.0 = Release|Any CPU
		{7808DEA9-FB13-47FC-823F-DC78C1057061}.Debug|Any CPU.ActiveCfg = Debug|Any CPU
		{7808DEA9-FB13-47FC-823F-DC78C1057061}.Debug|Any CPU.Build.0 = Debug|Any CPU
		{7808DEA9-FB13-47FC-823F-DC78C1057061}.Release|Any CPU.ActiveCfg = Release|Any CPU
		{7808DEA9-FB13-47FC-823F-DC78C1057061}.Release|Any CPU.Build.0 = Release|Any CPU
	EndGlobalSection
	GlobalSection(SolutionProperties) = preSolution
		HideSolutionNode = FALSE
	EndGlobalSection
	GlobalSection(NestedProjects) = preSolution
		{6C381491-0062-4276-B884-86A6A175FFF5} = {3B28CF0C-D613-4971-9D8F-00C960C656E2}
		{2DA8DF86-18D3-4832-970C-A0B26498B93D} = {3B28CF0C-D613-4971-9D8F-00C960C656E2}
		{329888D6-1DBB-4B70-890A-9B08C87303CE} = {3B28CF0C-D613-4971-9D8F-00C960C656E2}
		{7250A27B-1B35-4A6A-B256-50155A2175ED} = {329888D6-1DBB-4B70-890A-9B08C87303CE}
	EndGlobalSection
	GlobalSection(ExtensibilityGlobals) = postSolution
		SolutionGuid = {B07C6102-6B2F-4FC3-9F17-FCD093128F6D}
	EndGlobalSection
EndGlobal
