
Microsoft Visual Studio Solution File, Format Version 12.00
# Visual Studio Version 16
VisualStudioVersion = 16.0.30320.27
MinimumVisualStudioVersion = 10.0.40219.1
Project("{9A19103F-16F7-4668-BE54-9A1E7A4F7556}") = "nunit-project-loader", "src\extension\nunit-project-loader.csproj", "{26270E99-C60E-4816-8342-D6BBCFFD4809}"
EndProject
Project("{9A19103F-16F7-4668-BE54-9A1E7A4F7556}") = "nunit-project-loader.tests", "src\tests\nunit-project-loader.tests.csproj", "{32A8075A-8DA8-49F8-9222-2DE7B4B6C98E}"
EndProject
Project("{2150E333-8FDC-42A3-9474-1A3956D46DE8}") = "Solution Items", "Solution Items", "{3B28CF0C-D613-4971-9D8F-00C960C656E2}"
	ProjectSection(SolutionItems) = preProject
		.travis.yml = .travis.yml
		appveyor.yml = appveyor.yml
		BothAssemblies.nunit = BothAssemblies.nunit
		build.cake = build.cake
		build.ps1 = build.ps1
		build.sh = build.sh
		CHANGES.txt = CHANGES.txt
		FailingAssembly.nunit = FailingAssembly.nunit
		GitVersion.yml = GitVersion.yml
		LICENSE.txt = LICENSE.txt
		nunit-project-loader.nuspec = nunit-project-loader.nuspec
		PassingAssembly.nunit = PassingAssembly.nunit
		README.md = README.md
	EndProjectSection
EndProject
Project("{2150E333-8FDC-42A3-9474-1A3956D46DE8}") = "cake", "cake", "{1E689680-AB9D-497E-8FC3-B541A9A24EEC}"
	ProjectSection(SolutionItems) = preProject
		cake\package-checks.cake = cake\package-checks.cake
		cake\package-tests.cake = cake\package-tests.cake
		cake\packaging.cake = cake\packaging.cake
		cake\parameters.cake = cake\parameters.cake
		cake\test-reports.cake = cake\test-reports.cake
		cake\test-results.cake = cake\test-results.cake
		cake\utilities.cake = cake\utilities.cake
		cake\versioning.cake = cake\versioning.cake
	EndProjectSection
EndProject
Project("{9A19103F-16F7-4668-BE54-9A1E7A4F7556}") = "test-lib-1", "src\test-lib-1\test-lib-1.csproj", "{1FA6F840-F225-4597-80AE-2C78B466D9C6}"
EndProject
Project("{9A19103F-16F7-4668-BE54-9A1E7A4F7556}") = "test-lib-2", "src\test-lib-2\test-lib-2.csproj", "{7808DEA9-FB13-47FC-823F-DC78C1057061}"
EndProject
Global
	GlobalSection(SolutionConfigurationPlatforms) = preSolution
		Debug|Any CPU = Debug|Any CPU
		Release|Any CPU = Release|Any CPU
	EndGlobalSection
	GlobalSection(ProjectConfigurationPlatforms) = postSolution
		{26270E99-C60E-4816-8342-D6BBCFFD4809}.Debug|Any CPU.ActiveCfg = Debug|Any CPU
		{26270E99-C60E-4816-8342-D6BBCFFD4809}.Debug|Any CPU.Build.0 = Debug|Any CPU
		{26270E99-C60E-4816-8342-D6BBCFFD4809}.Release|Any CPU.ActiveCfg = Release|Any CPU
		{26270E99-C60E-4816-8342-D6BBCFFD4809}.Release|Any CPU.Build.0 = Release|Any CPU
		{32A8075A-8DA8-49F8-9222-2DE7B4B6C98E}.Debug|Any CPU.ActiveCfg = Debug|Any CPU
		{32A8075A-8DA8-49F8-9222-2DE7B4B6C98E}.Debug|Any CPU.Build.0 = Debug|Any CPU
		{32A8075A-8DA8-49F8-9222-2DE7B4B6C98E}.Release|Any CPU.ActiveCfg = Release|Any CPU
		{32A8075A-8DA8-49F8-9222-2DE7B4B6C98E}.Release|Any CPU.Build.0 = Release|Any CPU
		{1FA6F840-F225-4597-80AE-2C78B466D9C6}.Debug|Any CPU.ActiveCfg = Debug|Any CPU
		{1FA6F840-F225-4597-80AE-2C78B466D9C6}.Debug|Any CPU.Build.0 = Debug|Any CPU
		{1FA6F840-F225-4597-80AE-2C78B466D9C6}.Release|Any CPU.ActiveCfg = Release|Any CPU
		{1FA6F840-F225-4597-80AE-2C78B466D9C6}.Release|Any CPU.Build.0 = Release|Any CPU
		{7808DEA9-FB13-47FC-823F-DC78C1057061}.Debug|Any CPU.ActiveCfg = Debug|Any CPU
		{7808DEA9-FB13-47FC-823F-DC78C1057061}.Debug|Any CPU.Build.0 = Debug|Any CPU
		{7808DEA9-FB13-47FC-823F-DC78C1057061}.Release|Any CPU.ActiveCfg = Release|Any CPU
		{7808DEA9-FB13-47FC-823F-DC78C1057061}.Release|Any CPU.Build.0 = Release|Any CPU
	EndGlobalSection
	GlobalSection(SolutionProperties) = preSolution
		HideSolutionNode = FALSE
	EndGlobalSection
	GlobalSection(NestedProjects) = preSolution
		{1E689680-AB9D-497E-8FC3-B541A9A24EEC} = {3B28CF0C-D613-4971-9D8F-00C960C656E2}
	EndGlobalSection
	GlobalSection(ExtensibilityGlobals) = postSolution
		SolutionGuid = {B07C6102-6B2F-4FC3-9F17-FCD093128F6D}
	EndGlobalSection
EndGlobal
